
Microsoft Visual Studio Solution File, Format Version 12.00
# Visual Studio Version 17
VisualStudioVersion = 17.10.35122.118
MinimumVisualStudioVersion = 10.0.40219.1
Project("{9A19103F-16F7-4668-BE54-9A1E7A4F7556}") = "EventosServer", "EventosServer\EventosServer.csproj", "{712548E7-B518-436D-873F-7AC8477B0B42}"
EndProject
Project("{FAE04EC0-301F-11D3-BF4B-00C04F79EFBC}") = "EventosCliente", "EventosCliente\EventosCliente.csproj", "{9B75C803-7FAC-41B8-B622-9FB4775556C8}"
EndProject
Global
	GlobalSection(SolutionConfigurationPlatforms) = preSolution
		Debug|Any CPU = Debug|Any CPU
		Release|Any CPU = Release|Any CPU
	EndGlobalSection
	GlobalSection(ProjectConfigurationPlatforms) = postSolution
		{712548E7-B518-436D-873F-7AC8477B0B42}.Debug|Any CPU.ActiveCfg = Debug|Any CPU
		{712548E7-B518-436D-873F-7AC8477B0B42}.Debug|Any CPU.Build.0 = Debug|Any CPU
		{712548E7-B518-436D-873F-7AC8477B0B42}.Release|Any CPU.ActiveCfg = Release|Any CPU
		{712548E7-B518-436D-873F-7AC8477B0B42}.Release|Any CPU.Build.0 = Release|Any CPU
		{9B75C803-7FAC-41B8-B622-9FB4775556C8}.Debug|Any CPU.ActiveCfg = Debug|Any CPU
		{9B75C803-7FAC-41B8-B622-9FB4775556C8}.Debug|Any CPU.Build.0 = Debug|Any CPU
		{9B75C803-7FAC-41B8-B622-9FB4775556C8}.Release|Any CPU.ActiveCfg = Release|Any CPU
		{9B75C803-7FAC-41B8-B622-9FB4775556C8}.Release|Any CPU.Build.0 = Release|Any CPU
	EndGlobalSection
	GlobalSection(SolutionProperties) = preSolution
		HideSolutionNode = FALSE
	EndGlobalSection
	GlobalSection(ExtensibilityGlobals) = postSolution
		SolutionGuid = {2D50E87E-B59E-410A-9FC7-93CC3E29F1D9}
	EndGlobalSection
EndGlobal
